
Microsoft Visual Studio Solution File, Format Version 12.00
# Visual Studio 14
VisualStudioVersion = 14.0.25420.1
MinimumVisualStudioVersion = 10.0.40219.1
Project("{00D1A9C2-B5F0-4AF3-8072-F6C62B433612}") = "Tntp.Database", "Tntp.Database\Tntp.Database.sqlproj", "{EE3CE98D-6E0D-4B23-B524-763B5B65BA47}"
EndProject
Project("{FAE04EC0-301F-11D3-BF4B-00C04F79EFBC}") = "Tntp.WebApplication", "Tntp.WebApplication\Tntp.WebApplication.csproj", "{A5487DA2-BDEB-4DF3-99BB-E983BCBB66CA}"
EndProject
Project("{FAE04EC0-301F-11D3-BF4B-00C04F79EFBC}") = "Tntp.WebApplication.Tests", "Tntp.WebApplication.Tests\Tntp.WebApplication.Tests.csproj", "{42453A53-3307-432C-8ACA-04940576906B}"
EndProject
Global
	GlobalSection(SolutionConfigurationPlatforms) = preSolution
		Debug|Any CPU = Debug|Any CPU
		Release|Any CPU = Release|Any CPU
	EndGlobalSection
	GlobalSection(ProjectConfigurationPlatforms) = postSolution
		{EE3CE98D-6E0D-4B23-B524-763B5B65BA47}.Debug|Any CPU.ActiveCfg = Debug|Any CPU
		{EE3CE98D-6E0D-4B23-B524-763B5B65BA47}.Debug|Any CPU.Build.0 = Debug|Any CPU
		{EE3CE98D-6E0D-4B23-B524-763B5B65BA47}.Debug|Any CPU.Deploy.0 = Debug|Any CPU
		{EE3CE98D-6E0D-4B23-B524-763B5B65BA47}.Release|Any CPU.ActiveCfg = Release|Any CPU
		{EE3CE98D-6E0D-4B23-B524-763B5B65BA47}.Release|Any CPU.Build.0 = Release|Any CPU
		{EE3CE98D-6E0D-4B23-B524-763B5B65BA47}.Release|Any CPU.Deploy.0 = Release|Any CPU
		{A5487DA2-BDEB-4DF3-99BB-E983BCBB66CA}.Debug|Any CPU.ActiveCfg = Debug|Any CPU
		{A5487DA2-BDEB-4DF3-99BB-E983BCBB66CA}.Debug|Any CPU.Build.0 = Debug|Any CPU
		{A5487DA2-BDEB-4DF3-99BB-E983BCBB66CA}.Release|Any CPU.ActiveCfg = Release|Any CPU
		{A5487DA2-BDEB-4DF3-99BB-E983BCBB66CA}.Release|Any CPU.Build.0 = Release|Any CPU
		{42453A53-3307-432C-8ACA-04940576906B}.Debug|Any CPU.ActiveCfg = Debug|Any CPU
		{42453A53-3307-432C-8ACA-04940576906B}.Debug|Any CPU.Build.0 = Debug|Any CPU
		{42453A53-3307-432C-8ACA-04940576906B}.Release|Any CPU.ActiveCfg = Release|Any CPU
		{42453A53-3307-432C-8ACA-04940576906B}.Release|Any CPU.Build.0 = Release|Any CPU
	EndGlobalSection
	GlobalSection(SolutionProperties) = preSolution
		HideSolutionNode = FALSE
	EndGlobalSection
EndGlobal
